
Microsoft Visual Studio Solution File, Format Version 12.00
# Visual Studio Version 17
VisualStudioVersion = 17.11.35208.52
MinimumVisualStudioVersion = 10.0.40219.1
Project("{FAE04EC0-301F-11D3-BF4B-00C04F79EFBC}") = "sesion2", "sesion2\sesion2.csproj", "{8CB84BEB-B597-46B8-951D-92EBC254F857}"
EndProject
Global
	GlobalSection(SolutionConfigurationPlatforms) = preSolution
		Debug|Any CPU = Debug|Any CPU
		Release|Any CPU = Release|Any CPU
	EndGlobalSection
	GlobalSection(ProjectConfigurationPlatforms) = postSolution
		{8CB84BEB-B597-46B8-951D-92EBC254F857}.Debug|Any CPU.ActiveCfg = Debug|Any CPU
		{8CB84BEB-B597-46B8-951D-92EBC254F857}.Debug|Any CPU.Build.0 = Debug|Any CPU
		{8CB84BEB-B597-46B8-951D-92EBC254F857}.Release|Any CPU.ActiveCfg = Release|Any CPU
		{8CB84BEB-B597-46B8-951D-92EBC254F857}.Release|Any CPU.Build.0 = Release|Any CPU
	EndGlobalSection
	GlobalSection(SolutionProperties) = preSolution
		HideSolutionNode = FALSE
	EndGlobalSection
	GlobalSection(ExtensibilityGlobals) = postSolution
		SolutionGuid = {227469D7-EC91-4DB2-82B7-FFC9D69A5D90}
	EndGlobalSection
EndGlobal
