
Microsoft Visual Studio Solution File, Format Version 12.00
# Visual Studio Version 17
VisualStudioVersion = 17.11.35208.52
MinimumVisualStudioVersion = 10.0.40219.1
Project("{FAE04EC0-301F-11D3-BF4B-00C04F79EFBC}") = "sesion#4", "sesion#4.csproj", "{1EACBE9F-00E9-47D6-9D79-24040A8EC0B2}"
EndProject
Global
	GlobalSection(SolutionConfigurationPlatforms) = preSolution
		Debug|Any CPU = Debug|Any CPU
		Release|Any CPU = Release|Any CPU
	EndGlobalSection
	GlobalSection(ProjectConfigurationPlatforms) = postSolution
		{1EACBE9F-00E9-47D6-9D79-24040A8EC0B2}.Debug|Any CPU.ActiveCfg = Debug|Any CPU
		{1EACBE9F-00E9-47D6-9D79-24040A8EC0B2}.Debug|Any CPU.Build.0 = Debug|Any CPU
		{1EACBE9F-00E9-47D6-9D79-24040A8EC0B2}.Release|Any CPU.ActiveCfg = Release|Any CPU
		{1EACBE9F-00E9-47D6-9D79-24040A8EC0B2}.Release|Any CPU.Build.0 = Release|Any CPU
	EndGlobalSection
	GlobalSection(SolutionProperties) = preSolution
		HideSolutionNode = FALSE
	EndGlobalSection
	GlobalSection(ExtensibilityGlobals) = postSolution
		SolutionGuid = {1DFC4BD1-A61E-40FD-9E06-F336808C756D}
	EndGlobalSection
EndGlobal
