
Microsoft Visual Studio Solution File, Format Version 12.00
# Visual Studio Version 17
VisualStudioVersion = 17.11.35208.52
MinimumVisualStudioVersion = 10.0.40219.1
Project("{FAE04EC0-301F-11D3-BF4B-00C04F79EFBC}") = "Miapp1", "Miapp1.csproj", "{04443803-3D3B-4F35-9D00-E5D8AD787814}"
EndProject
Global
	GlobalSection(SolutionConfigurationPlatforms) = preSolution
		Debug|Any CPU = Debug|Any CPU
		Release|Any CPU = Release|Any CPU
	EndGlobalSection
	GlobalSection(ProjectConfigurationPlatforms) = postSolution
		{04443803-3D3B-4F35-9D00-E5D8AD787814}.Debug|Any CPU.ActiveCfg = Debug|Any CPU
		{04443803-3D3B-4F35-9D00-E5D8AD787814}.Debug|Any CPU.Build.0 = Debug|Any CPU
		{04443803-3D3B-4F35-9D00-E5D8AD787814}.Release|Any CPU.ActiveCfg = Release|Any CPU
		{04443803-3D3B-4F35-9D00-E5D8AD787814}.Release|Any CPU.Build.0 = Release|Any CPU
	EndGlobalSection
	GlobalSection(SolutionProperties) = preSolution
		HideSolutionNode = FALSE
	EndGlobalSection
	GlobalSection(ExtensibilityGlobals) = postSolution
		SolutionGuid = {DB169CA5-691E-4DF8-A0E9-BC8075E00B8B}
	EndGlobalSection
EndGlobal
